
Microsoft Visual Studio Solution File, Format Version 12.00
# Visual Studio Version 17
VisualStudioVersion = 17.10.34707.107
MinimumVisualStudioVersion = 10.0.40219.1
Project("{2150E333-8FDC-42A3-9474-1A3956D46DE8}") = "src", "src", "{16E25529-9D63-4081-A3C8-98A8F9BBF72C}"
EndProject
Project("{FAE04EC0-301F-11D3-BF4B-00C04F79EFBC}") = "Dental.Api", "Dental.Api\Dental.Api.csproj", "{EF9C8701-67F1-4E84-8450-E1AF3CF07E9A}"
EndProject
Project("{FAE04EC0-301F-11D3-BF4B-00C04F79EFBC}") = "Dental.Domain", "Dental.Domain\Dental.Domain.csproj", "{050D0EBB-1B0E-4CC2-A383-410C1E75587B}"
EndProject
Project("{FAE04EC0-301F-11D3-BF4B-00C04F79EFBC}") = "Dental.Service", "Dental.Service\Dental.Service.csproj", "{2303600F-F91C-41AA-BB10-3E2FA13DA7E2}"
EndProject
Project("{FAE04EC0-301F-11D3-BF4B-00C04F79EFBC}") = "Dental.Infrastructure", "Infrastructure\Dental.Infrastructure.csproj", "{96AE6CA1-350F-4B1D-B3C4-A6D05844C767}"
EndProject
Global
	GlobalSection(SolutionConfigurationPlatforms) = preSolution
		Debug|Any CPU = Debug|Any CPU
		Release|Any CPU = Release|Any CPU
	EndGlobalSection
	GlobalSection(ProjectConfigurationPlatforms) = postSolution
		{EF9C8701-67F1-4E84-8450-E1AF3CF07E9A}.Debug|Any CPU.ActiveCfg = Debug|Any CPU
		{EF9C8701-67F1-4E84-8450-E1AF3CF07E9A}.Debug|Any CPU.Build.0 = Debug|Any CPU
		{EF9C8701-67F1-4E84-8450-E1AF3CF07E9A}.Release|Any CPU.ActiveCfg = Release|Any CPU
		{EF9C8701-67F1-4E84-8450-E1AF3CF07E9A}.Release|Any CPU.Build.0 = Release|Any CPU
		{050D0EBB-1B0E-4CC2-A383-410C1E75587B}.Debug|Any CPU.ActiveCfg = Debug|Any CPU
		{050D0EBB-1B0E-4CC2-A383-410C1E75587B}.Debug|Any CPU.Build.0 = Debug|Any CPU
		{050D0EBB-1B0E-4CC2-A383-410C1E75587B}.Release|Any CPU.ActiveCfg = Release|Any CPU
		{050D0EBB-1B0E-4CC2-A383-410C1E75587B}.Release|Any CPU.Build.0 = Release|Any CPU
		{2303600F-F91C-41AA-BB10-3E2FA13DA7E2}.Debug|Any CPU.ActiveCfg = Debug|Any CPU
		{2303600F-F91C-41AA-BB10-3E2FA13DA7E2}.Debug|Any CPU.Build.0 = Debug|Any CPU
		{2303600F-F91C-41AA-BB10-3E2FA13DA7E2}.Release|Any CPU.ActiveCfg = Release|Any CPU
		{2303600F-F91C-41AA-BB10-3E2FA13DA7E2}.Release|Any CPU.Build.0 = Release|Any CPU
		{96AE6CA1-350F-4B1D-B3C4-A6D05844C767}.Debug|Any CPU.ActiveCfg = Debug|Any CPU
		{96AE6CA1-350F-4B1D-B3C4-A6D05844C767}.Debug|Any CPU.Build.0 = Debug|Any CPU
		{96AE6CA1-350F-4B1D-B3C4-A6D05844C767}.Release|Any CPU.ActiveCfg = Release|Any CPU
		{96AE6CA1-350F-4B1D-B3C4-A6D05844C767}.Release|Any CPU.Build.0 = Release|Any CPU
	EndGlobalSection
	GlobalSection(SolutionProperties) = preSolution
		HideSolutionNode = FALSE
	EndGlobalSection
	GlobalSection(NestedProjects) = preSolution
		{EF9C8701-67F1-4E84-8450-E1AF3CF07E9A} = {16E25529-9D63-4081-A3C8-98A8F9BBF72C}
		{050D0EBB-1B0E-4CC2-A383-410C1E75587B} = {16E25529-9D63-4081-A3C8-98A8F9BBF72C}
		{2303600F-F91C-41AA-BB10-3E2FA13DA7E2} = {16E25529-9D63-4081-A3C8-98A8F9BBF72C}
		{96AE6CA1-350F-4B1D-B3C4-A6D05844C767} = {16E25529-9D63-4081-A3C8-98A8F9BBF72C}
	EndGlobalSection
	GlobalSection(ExtensibilityGlobals) = postSolution
		SolutionGuid = {3C45EA55-1E36-4341-9EC7-EEEFBF7FE14D}
	EndGlobalSection
EndGlobal
